# This file is automatically @generated by Cargo.
# It is not intended for manual editing.
version = 4

[[package]]
name = "backupper"
version = "0.1.0"
dependencies = [
 "backupper-core",
 "backupper-destinations",
 "backupper-engine",
 "backupper-notifiers",
 "backupper-sources",
]

[[package]]
name = "backupper-core"
version = "0.1.0"

[[package]]
name = "backupper-destinations"
version = "0.1.0"
dependencies = [
 "backupper-core",
]

[[package]]
name = "backupper-engine"
version = "0.1.0"
dependencies = [
 "backupper-core",
]

[[package]]
name = "backupper-notifiers"
version = "0.1.0"
dependencies = [
 "backupper-core",
]

[[package]]
name = "backupper-sources"
version = "0.1.0"
dependencies = [
 "backupper-core",
]
